
Microsoft Visual Studio Solution File, Format Version 12.00
# Visual Studio Version 17
VisualStudioVersion = 17.14.36511.14 d17.14
MinimumVisualStudioVersion = 10.0.40219.1
Project("{FAE04EC0-301F-11D3-BF4B-00C04F79EFBC}") = "KASOP.PL", "KASOP.PL\KASOP.PL.csproj", "{FA1F5F33-23FA-4CDF-8AC5-62DB7B1E97ED}"
EndProject
Project("{FAE04EC0-301F-11D3-BF4B-00C04F79EFBC}") = "KASHOP.BLL", "KASHOP.BLL\KASHOP.BLL.csproj", "{70A19DCB-6B10-462B-BDAE-3E205A281CDF}"
EndProject
Project("{FAE04EC0-301F-11D3-BF4B-00C04F79EFBC}") = "KASHOP.DAL", "KASHOP.DAL\KASHOP.DAL.csproj", "{C40267DA-12A7-4C44-8F2E-CF7C8041C276}"
EndProject
Global
	GlobalSection(SolutionConfigurationPlatforms) = preSolution
		Debug|Any CPU = Debug|Any CPU
		Release|Any CPU = Release|Any CPU
	EndGlobalSection
	GlobalSection(ProjectConfigurationPlatforms) = postSolution
		{FA1F5F33-23FA-4CDF-8AC5-62DB7B1E97ED}.Debug|Any CPU.ActiveCfg = Debug|Any CPU
		{FA1F5F33-23FA-4CDF-8AC5-62DB7B1E97ED}.Debug|Any CPU.Build.0 = Debug|Any CPU
		{FA1F5F33-23FA-4CDF-8AC5-62DB7B1E97ED}.Release|Any CPU.ActiveCfg = Release|Any CPU
		{FA1F5F33-23FA-4CDF-8AC5-62DB7B1E97ED}.Release|Any CPU.Build.0 = Release|Any CPU
		{70A19DCB-6B10-462B-BDAE-3E205A281CDF}.Debug|Any CPU.ActiveCfg = Debug|Any CPU
		{70A19DCB-6B10-462B-BDAE-3E205A281CDF}.Debug|Any CPU.Build.0 = Debug|Any CPU
		{70A19DCB-6B10-462B-BDAE-3E205A281CDF}.Release|Any CPU.ActiveCfg = Release|Any CPU
		{70A19DCB-6B10-462B-BDAE-3E205A281CDF}.Release|Any CPU.Build.0 = Release|Any CPU
		{C40267DA-12A7-4C44-8F2E-CF7C8041C276}.Debug|Any CPU.ActiveCfg = Debug|Any CPU
		{C40267DA-12A7-4C44-8F2E-CF7C8041C276}.Debug|Any CPU.Build.0 = Debug|Any CPU
		{C40267DA-12A7-4C44-8F2E-CF7C8041C276}.Release|Any CPU.ActiveCfg = Release|Any CPU
		{C40267DA-12A7-4C44-8F2E-CF7C8041C276}.Release|Any CPU.Build.0 = Release|Any CPU
	EndGlobalSection
	GlobalSection(SolutionProperties) = preSolution
		HideSolutionNode = FALSE
	EndGlobalSection
	GlobalSection(ExtensibilityGlobals) = postSolution
		SolutionGuid = {78EA3024-0BA6-4272-9F7E-5AFCAD31CB21}
	EndGlobalSection
EndGlobal
